// !$*UTF8*$!
{
	archiveVersion = 1;
	classes = {
	};
	objectVersion = 56;
	objects = {

/* Begin PBXBuildFile section */
		AD9CC8C6298D703E0008EE3C /* PlaceAnotationView.swift in Sources */ = {isa = PBXBuildFile; fileRef = AD9CC8C5298D703E0008EE3C /* PlaceAnotationView.swift */; };
		ADBCF7FC298CB193006E333E /* PrijevOsView.swift in Sources */ = {isa = PBXBuildFile; fileRef = ADBCF7FB298CB193006E333E /* PrijevOsView.swift */; };
		ADBCF800298CC106006E333E /* DateUtility.swift in Sources */ = {isa = PBXBuildFile; fileRef = ADBCF7FF298CC106006E333E /* DateUtility.swift */; };
		ADBCF802298CCAA5006E333E /* TramScheduleView.swift in Sources */ = {isa = PBXBuildFile; fileRef = ADBCF801298CCAA5006E333E /* TramScheduleView.swift */; };
		ADC6078D298BEA5F00D2924F /* StationsView.swift in Sources */ = {isa = PBXBuildFile; fileRef = ADC6078C298BEA5F00D2924F /* StationsView.swift */; };
		ADC6078F298BF2FB00D2924F /* TramStationDataView.swift in Sources */ = {isa = PBXBuildFile; fileRef = ADC6078E298BF2FB00D2924F /* TramStationDataView.swift */; };
		ADD2B509298C431A00C7DB46 /* StationData.swift in Sources */ = {isa = PBXBuildFile; fileRef = ADD2B508298C431A00C7DB46 /* StationData.swift */; };
		ADF37E0F298A92A100A95623 /* PrijevOsApp.swift in Sources */ = {isa = PBXBuildFile; fileRef = ADF37E0E298A92A100A95623 /* PrijevOsApp.swift */; };
		ADF37E11298A92A100A95623 /* ContentView.swift in Sources */ = {isa = PBXBuildFile; fileRef = ADF37E10298A92A100A95623 /* ContentView.swift */; };
		ADF37E13298A92A200A95623 /* Assets.xcassets in Resources */ = {isa = PBXBuildFile; fileRef = ADF37E12298A92A200A95623 /* Assets.xcassets */; };
		ADF37E20298A992100A95623 /* StationView.swift in Sources */ = {isa = PBXBuildFile; fileRef = ADF37E1F298A992100A95623 /* StationView.swift */; };
/* End PBXBuildFile section */

/* Begin PBXFileReference section */
		AD9CC8C5298D703E0008EE3C /* PlaceAnotationView.swift */ = {isa = PBXFileReference; lastKnownFileType = sourcecode.swift; path = PlaceAnotationView.swift; sourceTree = "<group>"; };
		ADBCF7FB298CB193006E333E /* PrijevOsView.swift */ = {isa = PBXFileReference; lastKnownFileType = sourcecode.swift; path = PrijevOsView.swift; sourceTree = "<group>"; };
		ADBCF7FF298CC106006E333E /* DateUtility.swift */ = {isa = PBXFileReference; lastKnownFileType = sourcecode.swift; path = DateUtility.swift; sourceTree = "<group>"; };
		ADBCF801298CCAA5006E333E /* TramScheduleView.swift */ = {isa = PBXFileReference; lastKnownFileType = sourcecode.swift; path = TramScheduleView.swift; sourceTree = "<group>"; };
		ADC6078C298BEA5F00D2924F /* StationsView.swift */ = {isa = PBXFileReference; lastKnownFileType = sourcecode.swift; path = StationsView.swift; sourceTree = "<group>"; };
		ADC6078E298BF2FB00D2924F /* TramStationDataView.swift */ = {isa = PBXFileReference; lastKnownFileType = sourcecode.swift; path = TramStationDataView.swift; sourceTree = "<group>"; };
		ADD2B508298C431A00C7DB46 /* StationData.swift */ = {isa = PBXFileReference; lastKnownFileType = sourcecode.swift; path = StationData.swift; sourceTree = "<group>"; };
		ADF37E0B298A92A100A95623 /* PrijevOs.app */ = {isa = PBXFileReference; explicitFileType = wrapper.application; includeInIndex = 0; path = PrijevOs.app; sourceTree = BUILT_PRODUCTS_DIR; };
		ADF37E0E298A92A100A95623 /* PrijevOsApp.swift */ = {isa = PBXFileReference; lastKnownFileType = sourcecode.swift; path = PrijevOsApp.swift; sourceTree = "<group>"; };
		ADF37E10298A92A100A95623 /* ContentView.swift */ = {isa = PBXFileReference; lastKnownFileType = sourcecode.swift; path = ContentView.swift; sourceTree = "<group>"; };
		ADF37E12298A92A200A95623 /* Assets.xcassets */ = {isa = PBXFileReference; lastKnownFileType = folder.assetcatalog; path = Assets.xcassets; sourceTree = "<group>"; };
		ADF37E14298A92A200A95623 /* PrijevOs.entitlements */ = {isa = PBXFileReference; lastKnownFileType = text.plist.entitlements; path = PrijevOs.entitlements; sourceTree = "<group>"; };
		ADF37E1F298A992100A95623 /* StationView.swift */ = {isa = PBXFileReference; lastKnownFileType = sourcecode.swift; path = StationView.swift; sourceTree = "<group>"; };
/* End PBXFileReference section */

/* Begin PBXFrameworksBuildPhase section */
		ADF37E08298A92A100A95623 /* Frameworks */ = {
			isa = PBXFrameworksBuildPhase;
			buildActionMask = 2147483647;
			files = (
			);
			runOnlyForDeploymentPostprocessing = 0;
		};
/* End PBXFrameworksBuildPhase section */

/* Begin PBXGroup section */
		ADF37E02298A92A100A95623 = {
			isa = PBXGroup;
			children = (
				ADF37E0D298A92A100A95623 /* PrijevOs */,
				ADF37E0C298A92A100A95623 /* Products */,
			);
			sourceTree = "<group>";
		};
		ADF37E0C298A92A100A95623 /* Products */ = {
			isa = PBXGroup;
			children = (
				ADF37E0B298A92A100A95623 /* PrijevOs.app */,
			);
			name = Products;
			sourceTree = "<group>";
		};
		ADF37E0D298A92A100A95623 /* PrijevOs */ = {
			isa = PBXGroup;
			children = (
				ADF37E0E298A92A100A95623 /* PrijevOsApp.swift */,
				ADF37E10298A92A100A95623 /* ContentView.swift */,
				ADBCF7FB298CB193006E333E /* PrijevOsView.swift */,
				ADF37E12298A92A200A95623 /* Assets.xcassets */,
				ADF37E14298A92A200A95623 /* PrijevOs.entitlements */,
				ADF37E15298A92A200A95623 /* Preview Content */,
				ADBCF801298CCAA5006E333E /* TramScheduleView.swift */,
				ADBCF7FF298CC106006E333E /* DateUtility.swift */,
				ADC6078E298BF2FB00D2924F /* TramStationDataView.swift */,
				ADC6078C298BEA5F00D2924F /* StationsView.swift */,
				ADF37E1F298A992100A95623 /* StationView.swift */,
				ADD2B508298C431A00C7DB46 /* StationData.swift */,
				AD9CC8C5298D703E0008EE3C /* PlaceAnotationView.swift */,
			);
			path = PrijevOs;
			sourceTree = "<group>";
		};
		ADF37E15298A92A200A95623 /* Preview Content */ = {
			isa = PBXGroup;
			children = (
			);
			path = "Preview Content";
			sourceTree = "<group>";
		};
/* End PBXGroup section */

/* Begin PBXNativeTarget section */
		ADF37E0A298A92A100A95623 /* PrijevOs */ = {
			isa = PBXNativeTarget;
			buildConfigurationList = ADF37E1A298A92A200A95623 /* Build configuration list for PBXNativeTarget "PrijevOs" */;
			buildPhases = (
				ADF37E07298A92A100A95623 /* Sources */,
				ADF37E08298A92A100A95623 /* Frameworks */,
				ADF37E09298A92A100A95623 /* Resources */,
			);
			buildRules = (
			);
			dependencies = (
			);
			name = PrijevOs;
			productName = PrijevOs;
			productReference = ADF37E0B298A92A100A95623 /* PrijevOs.app */;
			productType = "com.apple.product-type.application";
		};
/* End PBXNativeTarget section */

/* Begin PBXProject section */
		ADF37E03298A92A100A95623 /* Project object */ = {
			isa = PBXProject;
			attributes = {
				BuildIndependentTargetsInParallel = 1;
				LastSwiftUpdateCheck = 1420;
				LastUpgradeCheck = 1420;
				TargetAttributes = {
					ADF37E0A298A92A100A95623 = {
						CreatedOnToolsVersion = 14.2;
					};
				};
			};
			buildConfigurationList = ADF37E06298A92A100A95623 /* Build configuration list for PBXProject "PrijevOs" */;
			compatibilityVersion = "Xcode 14.0";
			developmentRegion = en;
			hasScannedForEncodings = 0;
			knownRegions = (
				en,
				Base,
			);
			mainGroup = ADF37E02298A92A100A95623;
			productRefGroup = ADF37E0C298A92A100A95623 /* Products */;
			projectDirPath = "";
			projectRoot = "";
			targets = (
				ADF37E0A298A92A100A95623 /* PrijevOs */,
			);
		};
/* End PBXProject section */

/* Begin PBXResourcesBuildPhase section */
		ADF37E09298A92A100A95623 /* Resources */ = {
			isa = PBXResourcesBuildPhase;
			buildActionMask = 2147483647;
			files = (
				ADF37E13298A92A200A95623 /* Assets.xcassets in Resources */,
			);
			runOnlyForDeploymentPostprocessing = 0;
		};
/* End PBXResourcesBuildPhase section */

/* Begin PBXSourcesBuildPhase section */
		ADF37E07298A92A100A95623 /* Sources */ = {
			isa = PBXSourcesBuildPhase;
			buildActionMask = 2147483647;
			files = (
				ADBCF800298CC106006E333E /* DateUtility.swift in Sources */,
				ADC6078F298BF2FB00D2924F /* TramStationDataView.swift in Sources */,
				ADF37E11298A92A100A95623 /* ContentView.swift in Sources */,
				ADBCF7FC298CB193006E333E /* PrijevOsView.swift in Sources */,
				ADC6078D298BEA5F00D2924F /* StationsView.swift in Sources */,
				ADBCF802298CCAA5006E333E /* TramScheduleView.swift in Sources */,
				ADF37E20298A992100A95623 /* StationView.swift in Sources */,
				ADD2B509298C431A00C7DB46 /* StationData.swift in Sources */,
				AD9CC8C6298D703E0008EE3C /* PlaceAnotationView.swift in Sources */,
				ADF37E0F298A92A100A95623 /* PrijevOsApp.swift in Sources */,
			);
			runOnlyForDeploymentPostprocessing = 0;
		};
/* End PBXSourcesBuildPhase section */

/* Begin XCBuildConfiguration section */
		ADF37E18298A92A200A95623 /* Debug */ = {
			isa = XCBuildConfiguration;
			buildSettings = {
				ALWAYS_SEARCH_USER_PATHS = NO;
				CLANG_ANALYZER_NONNULL = YES;
				CLANG_ANALYZER_NUMBER_OBJECT_CONVERSION = YES_AGGRESSIVE;
				CLANG_CXX_LANGUAGE_STANDARD = "gnu++20";
				CLANG_ENABLE_MODULES = YES;
				CLANG_ENABLE_OBJC_ARC = YES;
				CLANG_ENABLE_OBJC_WEAK = YES;
				CLANG_WARN_BLOCK_CAPTURE_AUTORELEASING = YES;
				CLANG_WARN_BOOL_CONVERSION = YES;
				CLANG_WARN_COMMA = YES;
				CLANG_WARN_CONSTANT_CONVERSION = YES;
				CLANG_WARN_DEPRECATED_OBJC_IMPLEMENTATIONS = YES;
				CLANG_WARN_DIRECT_OBJC_ISA_USAGE = YES_ERROR;
				CLANG_WARN_DOCUMENTATION_COMMENTS = YES;
				CLANG_WARN_EMPTY_BODY = YES;
				CLANG_WARN_ENUM_CONVERSION = YES;
				CLANG_WARN_INFINITE_RECURSION = YES;
				CLANG_WARN_INT_CONVERSION = YES;
				CLANG_WARN_NON_LITERAL_NULL_CONVERSION = YES;
				CLANG_WARN_OBJC_IMPLICIT_RETAIN_SELF = YES;
				CLANG_WARN_OBJC_LITERAL_CONVERSION = YES;
				CLANG_WARN_OBJC_ROOT_CLASS = YES_ERROR;
				CLANG_WARN_QUOTED_INCLUDE_IN_FRAMEWORK_HEADER = YES;
				CLANG_WARN_RANGE_LOOP_ANALYSIS = YES;
				CLANG_WARN_STRICT_PROTOTYPES = YES;
				CLANG_WARN_SUSPICIOUS_MOVE = YES;
				CLANG_WARN_UNGUARDED_AVAILABILITY = YES_AGGRESSIVE;
				CLANG_WARN_UNREACHABLE_CODE = YES;
				CLANG_WARN__DUPLICATE_METHOD_MATCH = YES;
				COPY_PHASE_STRIP = NO;
				DEBUG_INFORMATION_FORMAT = dwarf;
				ENABLE_STRICT_OBJC_MSGSEND = YES;
				ENABLE_TESTABILITY = YES;
				GCC_C_LANGUAGE_STANDARD = gnu11;
				GCC_DYNAMIC_NO_PIC = NO;
				GCC_NO_COMMON_BLOCKS = YES;
				GCC_OPTIMIZATION_LEVEL = 0;
				GCC_PREPROCESSOR_DEFINITIONS = (
					"DEBUG=1",
					"$(inherited)",
				);
				GCC_WARN_64_TO_32_BIT_CONVERSION = YES;
				GCC_WARN_ABOUT_RETURN_TYPE = YES_ERROR;
				GCC_WARN_UNDECLARED_SELECTOR = YES;
				GCC_WARN_UNINITIALIZED_AUTOS = YES_AGGRESSIVE;
				GCC_WARN_UNUSED_FUNCTION = YES;
				GCC_WARN_UNUSED_VARIABLE = YES;
				MTL_ENABLE_DEBUG_INFO = INCLUDE_SOURCE;
				MTL_FAST_MATH = YES;
				ONLY_ACTIVE_ARCH = YES;
				SWIFT_ACTIVE_COMPILATION_CONDITIONS = DEBUG;
				SWIFT_OPTIMIZATION_LEVEL = "-Onone";
			};
			name = Debug;
		};
		ADF37E19298A92A200A95623 /* Release */ = {
			isa = XCBuildConfiguration;
			buildSettings = {
				ALWAYS_SEARCH_USER_PATHS = NO;
				CLANG_ANALYZER_NONNULL = YES;
				CLANG_ANALYZER_NUMBER_OBJECT_CONVERSION = YES_AGGRESSIVE;
				CLANG_CXX_LANGUAGE_STANDARD = "gnu++20";
				CLANG_ENABLE_MODULES = YES;
				CLANG_ENABLE_OBJC_ARC = YES;
				CLANG_ENABLE_OBJC_WEAK = YES;
				CLANG_WARN_BLOCK_CAPTURE_AUTORELEASING = YES;
				CLANG_WARN_BOOL_CONVERSION = YES;
				CLANG_WARN_COMMA = YES;
				CLANG_WARN_CONSTANT_CONVERSION = YES;
				CLANG_WARN_DEPRECATED_OBJC_IMPLEMENTATIONS = YES;
				CLANG_WARN_DIRECT_OBJC_ISA_USAGE = YES_ERROR;
				CLANG_WARN_DOCUMENTATION_COMMENTS = YES;
				CLANG_WARN_EMPTY_BODY = YES;
				CLANG_WARN_ENUM_CONVERSION = YES;
				CLANG_WARN_INFINITE_RECURSION = YES;
				CLANG_WARN_INT_CONVERSION = YES;
				CLANG_WARN_NON_LITERAL_NULL_CONVERSION = YES;
				CLANG_WARN_OBJC_IMPLICIT_RETAIN_SELF = YES;
				CLANG_WARN_OBJC_LITERAL_CONVERSION = YES;
				CLANG_WARN_OBJC_ROOT_CLASS = YES_ERROR;
				CLANG_WARN_QUOTED_INCLUDE_IN_FRAMEWORK_HEADER = YES;
				CLANG_WARN_RANGE_LOOP_ANALYSIS = YES;
				CLANG_WARN_STRICT_PROTOTYPES = YES;
				CLANG_WARN_SUSPICIOUS_MOVE = YES;
				CLANG_WARN_UNGUARDED_AVAILABILITY = YES_AGGRESSIVE;
				CLANG_WARN_UNREACHABLE_CODE = YES;
				CLANG_WARN__DUPLICATE_METHOD_MATCH = YES;
				COPY_PHASE_STRIP = NO;
				DEBUG_INFORMATION_FORMAT = "dwarf-with-dsym";
				ENABLE_NS_ASSERTIONS = NO;
				ENABLE_STRICT_OBJC_MSGSEND = YES;
				GCC_C_LANGUAGE_STANDARD = gnu11;
				GCC_NO_COMMON_BLOCKS = YES;
				GCC_WARN_64_TO_32_BIT_CONVERSION = YES;
				GCC_WARN_ABOUT_RETURN_TYPE = YES_ERROR;
				GCC_WARN_UNDECLARED_SELECTOR = YES;
				GCC_WARN_UNINITIALIZED_AUTOS = YES_AGGRESSIVE;
				GCC_WARN_UNUSED_FUNCTION = YES;
				GCC_WARN_UNUSED_VARIABLE = YES;
				MTL_ENABLE_DEBUG_INFO = NO;
				MTL_FAST_MATH = YES;
				SWIFT_COMPILATION_MODE = wholemodule;
				SWIFT_OPTIMIZATION_LEVEL = "-O";
			};
			name = Release;
		};
		ADF37E1B298A92A200A95623 /* Debug */ = {
			isa = XCBuildConfiguration;
			buildSettings = {
				ASSETCATALOG_COMPILER_APPICON_NAME = AppIcon;
				ASSETCATALOG_COMPILER_GLOBAL_ACCENT_COLOR_NAME = AccentColor;
				CODE_SIGN_ENTITLEMENTS = PrijevOs/PrijevOs.entitlements;
				CODE_SIGN_STYLE = Automatic;
				CURRENT_PROJECT_VERSION = 1;
				DEVELOPMENT_ASSET_PATHS = "\"PrijevOs/Preview Content\"";
				ENABLE_PREVIEWS = YES;
				GENERATE_INFOPLIST_FILE = YES;
				"INFOPLIST_KEY_UIApplicationSceneManifest_Generation[sdk=iphoneos*]" = YES;
				"INFOPLIST_KEY_UIApplicationSceneManifest_Generation[sdk=iphonesimulator*]" = YES;
				"INFOPLIST_KEY_UIApplicationSupportsIndirectInputEvents[sdk=iphoneos*]" = YES;
				"INFOPLIST_KEY_UIApplicationSupportsIndirectInputEvents[sdk=iphonesimulator*]" = YES;
				"INFOPLIST_KEY_UILaunchScreen_Generation[sdk=iphoneos*]" = YES;
				"INFOPLIST_KEY_UILaunchScreen_Generation[sdk=iphonesimulator*]" = YES;
				"INFOPLIST_KEY_UIStatusBarStyle[sdk=iphoneos*]" = UIStatusBarStyleDefault;
				"INFOPLIST_KEY_UIStatusBarStyle[sdk=iphonesimulator*]" = UIStatusBarStyleDefault;
				INFOPLIST_KEY_UISupportedInterfaceOrientations_iPad = "UIInterfaceOrientationPortrait UIInterfaceOrientationPortraitUpsideDown UIInterfaceOrientationLandscapeLeft UIInterfaceOrientationLandscapeRight";
				INFOPLIST_KEY_UISupportedInterfaceOrientations_iPhone = "UIInterfaceOrientationPortrait UIInterfaceOrientationLandscapeLeft UIInterfaceOrientationLandscapeRight";
				IPHONEOS_DEPLOYMENT_TARGET = 16.2;
				LD_RUNPATH_SEARCH_PATHS = "@executable_path/Frameworks";
				"LD_RUNPATH_SEARCH_PATHS[sdk=macosx*]" = "@executable_path/../Frameworks";
				MACOSX_DEPLOYMENT_TARGET = 12.6;
				MARKETING_VERSION = 1.0;
				PRODUCT_BUNDLE_IDENTIFIER = iOS.Projekt.PrijevOs;
				PRODUCT_NAME = "$(TARGET_NAME)";
				SDKROOT = auto;
				SUPPORTED_PLATFORMS = "iphoneos iphonesimulator macosx";
				SWIFT_EMIT_LOC_STRINGS = YES;
				SWIFT_VERSION = 5.0;
				TARGETED_DEVICE_FAMILY = "1,2";
			};
			name = Debug;
		};
		ADF37E1C298A92A200A95623 /* Release */ = {
			isa = XCBuildConfiguration;
			buildSettings = {
				ASSETCATALOG_COMPILER_APPICON_NAME = AppIcon;
				ASSETCATALOG_COMPILER_GLOBAL_ACCENT_COLOR_NAME = AccentColor;
				CODE_SIGN_ENTITLEMENTS = PrijevOs/PrijevOs.entitlements;
				CODE_SIGN_STYLE = Automatic;
				CURRENT_PROJECT_VERSION = 1;
				DEVELOPMENT_ASSET_PATHS = "\"PrijevOs/Preview Content\"";
				ENABLE_PREVIEWS = YES;
				GENERATE_INFOPLIST_FILE = YES;
				"INFOPLIST_KEY_UIApplicationSceneManifest_Generation[sdk=iphoneos*]" = YES;
				"INFOPLIST_KEY_UIApplicationSceneManifest_Generation[sdk=iphonesimulator*]" = YES;
				"INFOPLIST_KEY_UIApplicationSupportsIndirectInputEvents[sdk=iphoneos*]" = YES;
				"INFOPLIST_KEY_UIApplicationSupportsIndirectInputEvents[sdk=iphonesimulator*]" = YES;
				"INFOPLIST_KEY_UILaunchScreen_Generation[sdk=iphoneos*]" = YES;
				"INFOPLIST_KEY_UILaunchScreen_Generation[sdk=iphonesimulator*]" = YES;
				"INFOPLIST_KEY_UIStatusBarStyle[sdk=iphoneos*]" = UIStatusBarStyleDefault;
				"INFOPLIST_KEY_UIStatusBarStyle[sdk=iphonesimulator*]" = UIStatusBarStyleDefault;
				INFOPLIST_KEY_UISupportedInterfaceOrientations_iPad = "UIInterfaceOrientationPortrait UIInterfaceOrientationPortraitUpsideDown UIInterfaceOrientationLandscapeLeft UIInterfaceOrientationLandscapeRight";
				INFOPLIST_KEY_UISupportedInterfaceOrientations_iPhone = "UIInterfaceOrientationPortrait UIInterfaceOrientationLandscapeLeft UIInterfaceOrientationLandscapeRight";
				IPHONEOS_DEPLOYMENT_TARGET = 16.2;
				LD_RUNPATH_SEARCH_PATHS = "@executable_path/Frameworks";
				"LD_RUNPATH_SEARCH_PATHS[sdk=macosx*]" = "@executable_path/../Frameworks";
				MACOSX_DEPLOYMENT_TARGET = 12.6;
				MARKETING_VERSION = 1.0;
				PRODUCT_BUNDLE_IDENTIFIER = iOS.Projekt.PrijevOs;
				PRODUCT_NAME = "$(TARGET_NAME)";
				SDKROOT = auto;
				SUPPORTED_PLATFORMS = "iphoneos iphonesimulator macosx";
				SWIFT_EMIT_LOC_STRINGS = YES;
				SWIFT_VERSION = 5.0;
				TARGETED_DEVICE_FAMILY = "1,2";
			};
			name = Release;
		};
/* End XCBuildConfiguration section */

/* Begin XCConfigurationList section */
		ADF37E06298A92A100A95623 /* Build configuration list for PBXProject "PrijevOs" */ = {
			isa = XCConfigurationList;
			buildConfigurations = (
				ADF37E18298A92A200A95623 /* Debug */,
				ADF37E19298A92A200A95623 /* Release */,
			);
			defaultConfigurationIsVisible = 0;
			defaultConfigurationName = Release;
		};
		ADF37E1A298A92A200A95623 /* Build configuration list for PBXNativeTarget "PrijevOs" */ = {
			isa = XCConfigurationList;
			buildConfigurations = (
				ADF37E1B298A92A200A95623 /* Debug */,
				ADF37E1C298A92A200A95623 /* Release */,
			);
			defaultConfigurationIsVisible = 0;
			defaultConfigurationName = Release;
		};
/* End XCConfigurationList section */
	};
	rootObject = ADF37E03298A92A100A95623 /* Project object */;
}
